// !$*UTF8*$!
{
	archiveVersion = 1;
	classes = {
	};
	objectVersion = 55;
	objects = {

/* Begin PBXBuildFile section */
		1107558C28CE305C00842049 /* TunerConductor.swift in Sources */ = {isa = PBXBuildFile; fileRef = 1107558B28CE305C00842049 /* TunerConductor.swift */; };
		1107558F28CE30FD00842049 /* AudioKitEX in Frameworks */ = {isa = PBXBuildFile; productRef = 1107558E28CE30FD00842049 /* AudioKitEX */; };
		1107559228CE310A00842049 /* AudioKitUI in Frameworks */ = {isa = PBXBuildFile; productRef = 1107559128CE310A00842049 /* AudioKitUI */; };
		1107559528CE316400842049 /* SoundpipeAudioKit in Frameworks */ = {isa = PBXBuildFile; productRef = 1107559428CE316400842049 /* SoundpipeAudioKit */; };
		111A2E5428BFF86C00E04DC1 /* UtilityExtensions.swift in Sources */ = {isa = PBXBuildFile; fileRef = 111A2E5328BFF86C00E04DC1 /* UtilityExtensions.swift */; };
		1122966628C2B8A700BD48CC /* ScalesView.swift in Sources */ = {isa = PBXBuildFile; fileRef = 1122966528C2B8A700BD48CC /* ScalesView.swift */; };
		1124DF9928E93AD00030CF9F /* BravuraText.otf in Resources */ = {isa = PBXBuildFile; fileRef = 1124DF9828E936520030CF9F /* BravuraText.otf */; };
		115AC17128C4012300D8224F /* UtilityViews.swift in Sources */ = {isa = PBXBuildFile; fileRef = 115AC17028C4012300D8224F /* UtilityViews.swift */; };
		115AC17528C4078800D8224F /* Scale.swift in Sources */ = {isa = PBXBuildFile; fileRef = 115AC17428C4078800D8224F /* Scale.swift */; };
		11645BF628EC85D50058810A /* factoryScales.json in Resources */ = {isa = PBXBuildFile; fileRef = 11645BF528EC85D50058810A /* factoryScales.json */; };
		117AD57728BFDB9A00F04CC8 /* VariTunerApp.swift in Sources */ = {isa = PBXBuildFile; fileRef = 117AD57628BFDB9A00F04CC8 /* VariTunerApp.swift */; };
		117AD57928BFDB9A00F04CC8 /* ScaleEditor.swift in Sources */ = {isa = PBXBuildFile; fileRef = 117AD57828BFDB9A00F04CC8 /* ScaleEditor.swift */; };
		117AD57B28BFDB9B00F04CC8 /* Assets.xcassets in Resources */ = {isa = PBXBuildFile; fileRef = 117AD57A28BFDB9B00F04CC8 /* Assets.xcassets */; };
		117AD57E28BFDB9B00F04CC8 /* Preview Assets.xcassets in Resources */ = {isa = PBXBuildFile; fileRef = 117AD57D28BFDB9B00F04CC8 /* Preview Assets.xcassets */; };
		117AD58528BFDC0900F04CC8 /* ScaleStore.swift in Sources */ = {isa = PBXBuildFile; fileRef = 117AD58428BFDC0900F04CC8 /* ScaleStore.swift */; };
		11A252F528CD255900E8B66B /* AudioKit in Frameworks */ = {isa = PBXBuildFile; productRef = 11A252F428CD255900E8B66B /* AudioKit */; };
		11C6638D28EAA1A20081BA64 /* TunerData.swift in Sources */ = {isa = PBXBuildFile; fileRef = 11C6638C28EAA1A20081BA64 /* TunerData.swift */; };
		11C6638F28EAA1CA0081BA64 /* TunerView.swift in Sources */ = {isa = PBXBuildFile; fileRef = 11C6638E28EAA1CA0081BA64 /* TunerView.swift */; };
/* End PBXBuildFile section */

/* Begin PBXFileReference section */
		1107558B28CE305C00842049 /* TunerConductor.swift */ = {isa = PBXFileReference; lastKnownFileType = sourcecode.swift; path = TunerConductor.swift; sourceTree = "<group>"; };
		111A2E5328BFF86C00E04DC1 /* UtilityExtensions.swift */ = {isa = PBXFileReference; lastKnownFileType = sourcecode.swift; path = UtilityExtensions.swift; sourceTree = "<group>"; };
		1122966528C2B8A700BD48CC /* ScalesView.swift */ = {isa = PBXFileReference; lastKnownFileType = sourcecode.swift; path = ScalesView.swift; sourceTree = "<group>"; };
		1124201528CA65F4002C4FC0 /* Info.plist */ = {isa = PBXFileReference; lastKnownFileType = text.plist.xml; path = Info.plist; sourceTree = "<group>"; };
		1124DF9828E936520030CF9F /* BravuraText.otf */ = {isa = PBXFileReference; lastKnownFileType = file; path = BravuraText.otf; sourceTree = "<group>"; };
		115AC17028C4012300D8224F /* UtilityViews.swift */ = {isa = PBXFileReference; lastKnownFileType = sourcecode.swift; path = UtilityViews.swift; sourceTree = "<group>"; };
		115AC17428C4078800D8224F /* Scale.swift */ = {isa = PBXFileReference; lastKnownFileType = sourcecode.swift; path = Scale.swift; sourceTree = "<group>"; };
		11645BF528EC85D50058810A /* factoryScales.json */ = {isa = PBXFileReference; fileEncoding = 4; lastKnownFileType = text.json; path = factoryScales.json; sourceTree = "<group>"; };
		117AD57328BFDB9A00F04CC8 /* VariTuner.app */ = {isa = PBXFileReference; explicitFileType = wrapper.application; includeInIndex = 0; path = VariTuner.app; sourceTree = BUILT_PRODUCTS_DIR; };
		117AD57628BFDB9A00F04CC8 /* VariTunerApp.swift */ = {isa = PBXFileReference; lastKnownFileType = sourcecode.swift; path = VariTunerApp.swift; sourceTree = "<group>"; };
		117AD57828BFDB9A00F04CC8 /* ScaleEditor.swift */ = {isa = PBXFileReference; lastKnownFileType = sourcecode.swift; path = ScaleEditor.swift; sourceTree = "<group>"; };
		117AD57A28BFDB9B00F04CC8 /* Assets.xcassets */ = {isa = PBXFileReference; lastKnownFileType = folder.assetcatalog; path = Assets.xcassets; sourceTree = "<group>"; };
		117AD57D28BFDB9B00F04CC8 /* Preview Assets.xcassets */ = {isa = PBXFileReference; lastKnownFileType = folder.assetcatalog; path = "Preview Assets.xcassets"; sourceTree = "<group>"; };
		117AD58428BFDC0900F04CC8 /* ScaleStore.swift */ = {isa = PBXFileReference; lastKnownFileType = sourcecode.swift; path = ScaleStore.swift; sourceTree = "<group>"; };
		11C6638C28EAA1A20081BA64 /* TunerData.swift */ = {isa = PBXFileReference; lastKnownFileType = sourcecode.swift; path = TunerData.swift; sourceTree = "<group>"; };
		11C6638E28EAA1CA0081BA64 /* TunerView.swift */ = {isa = PBXFileReference; lastKnownFileType = sourcecode.swift; path = TunerView.swift; sourceTree = "<group>"; };
/* End PBXFileReference section */

/* Begin PBXFrameworksBuildPhase section */
		117AD57028BFDB9A00F04CC8 /* Frameworks */ = {
			isa = PBXFrameworksBuildPhase;
			buildActionMask = 2147483647;
			files = (
				11A252F528CD255900E8B66B /* AudioKit in Frameworks */,
				1107559228CE310A00842049 /* AudioKitUI in Frameworks */,
				1107559528CE316400842049 /* SoundpipeAudioKit in Frameworks */,
				1107558F28CE30FD00842049 /* AudioKitEX in Frameworks */,
			);
			runOnlyForDeploymentPostprocessing = 0;
		};
/* End PBXFrameworksBuildPhase section */

/* Begin PBXGroup section */
		1107558928CE2F8A00842049 /* ScalaEditor */ = {
			isa = PBXGroup;
			children = (
				117AD57828BFDB9A00F04CC8 /* ScaleEditor.swift */,
				117AD58428BFDC0900F04CC8 /* ScaleStore.swift */,
				115AC17428C4078800D8224F /* Scale.swift */,
				1122966528C2B8A700BD48CC /* ScalesView.swift */,
			);
			path = ScalaEditor;
			sourceTree = "<group>";
		};
		1107558A28CE301D00842049 /* Tuner */ = {
			isa = PBXGroup;
			children = (
				1107558B28CE305C00842049 /* TunerConductor.swift */,
				11C6638E28EAA1CA0081BA64 /* TunerView.swift */,
				11C6638C28EAA1A20081BA64 /* TunerData.swift */,
			);
			path = Tuner;
			sourceTree = "<group>";
		};
		1124DF9728E936040030CF9F /* Fonts */ = {
			isa = PBXGroup;
			children = (
				1124DF9828E936520030CF9F /* BravuraText.otf */,
			);
			path = Fonts;
			sourceTree = "<group>";
		};
		117AD56A28BFDB9A00F04CC8 = {
			isa = PBXGroup;
			children = (
				117AD57528BFDB9A00F04CC8 /* VariTuner */,
				117AD57428BFDB9A00F04CC8 /* Products */,
			);
			sourceTree = "<group>";
		};
		117AD57428BFDB9A00F04CC8 /* Products */ = {
			isa = PBXGroup;
			children = (
				117AD57328BFDB9A00F04CC8 /* VariTuner.app */,
			);
			name = Products;
			sourceTree = "<group>";
		};
		117AD57528BFDB9A00F04CC8 /* VariTuner */ = {
			isa = PBXGroup;
			children = (
				1124DF9728E936040030CF9F /* Fonts */,
				1124201528CA65F4002C4FC0 /* Info.plist */,
				11645BF528EC85D50058810A /* factoryScales.json */,
				1107558928CE2F8A00842049 /* ScalaEditor */,
				111A2E5328BFF86C00E04DC1 /* UtilityExtensions.swift */,
				117AD57628BFDB9A00F04CC8 /* VariTunerApp.swift */,
				115AC17028C4012300D8224F /* UtilityViews.swift */,
				1107558A28CE301D00842049 /* Tuner */,
				117AD57A28BFDB9B00F04CC8 /* Assets.xcassets */,
				117AD57C28BFDB9B00F04CC8 /* Preview Content */,
			);
			path = VariTuner;
			sourceTree = "<group>";
		};
		117AD57C28BFDB9B00F04CC8 /* Preview Content */ = {
			isa = PBXGroup;
			children = (
				117AD57D28BFDB9B00F04CC8 /* Preview Assets.xcassets */,
			);
			path = "Preview Content";
			sourceTree = "<group>";
		};
/* End PBXGroup section */

/* Begin PBXNativeTarget section */
		117AD57228BFDB9A00F04CC8 /* VariTuner */ = {
			isa = PBXNativeTarget;
			buildConfigurationList = 117AD58128BFDB9B00F04CC8 /* Build configuration list for PBXNativeTarget "VariTuner" */;
			buildPhases = (
				117AD56F28BFDB9A00F04CC8 /* Sources */,
				117AD57028BFDB9A00F04CC8 /* Frameworks */,
				117AD57128BFDB9A00F04CC8 /* Resources */,
			);
			buildRules = (
			);
			dependencies = (
			);
			name = VariTuner;
			packageProductDependencies = (
				11A252F428CD255900E8B66B /* AudioKit */,
				1107558E28CE30FD00842049 /* AudioKitEX */,
				1107559128CE310A00842049 /* AudioKitUI */,
				1107559428CE316400842049 /* SoundpipeAudioKit */,
			);
			productName = "Scala Editor";
			productReference = 117AD57328BFDB9A00F04CC8 /* VariTuner.app */;
			productType = "com.apple.product-type.application";
		};
/* End PBXNativeTarget section */

/* Begin PBXProject section */
		117AD56B28BFDB9A00F04CC8 /* Project object */ = {
			isa = PBXProject;
			attributes = {
				BuildIndependentTargetsInParallel = 1;
				LastSwiftUpdateCheck = 1330;
				LastUpgradeCheck = 1330;
				TargetAttributes = {
					117AD57228BFDB9A00F04CC8 = {
						CreatedOnToolsVersion = 13.3.1;
					};
				};
			};
			buildConfigurationList = 117AD56E28BFDB9A00F04CC8 /* Build configuration list for PBXProject "VariTuner" */;
			compatibilityVersion = "Xcode 13.0";
			developmentRegion = en;
			hasScannedForEncodings = 0;
			knownRegions = (
				en,
				Base,
			);
			mainGroup = 117AD56A28BFDB9A00F04CC8;
			packageReferences = (
				11A252F328CD255900E8B66B /* XCRemoteSwiftPackageReference "AudioKit" */,
				1107558D28CE30FD00842049 /* XCRemoteSwiftPackageReference "AudioKitEX" */,
				1107559028CE310A00842049 /* XCRemoteSwiftPackageReference "AudioKitUI" */,
				1107559328CE316400842049 /* XCRemoteSwiftPackageReference "SoundpipeAudioKit" */,
			);
			productRefGroup = 117AD57428BFDB9A00F04CC8 /* Products */;
			projectDirPath = "";
			projectRoot = "";
			targets = (
				117AD57228BFDB9A00F04CC8 /* VariTuner */,
			);
		};
/* End PBXProject section */

/* Begin PBXResourcesBuildPhase section */
		117AD57128BFDB9A00F04CC8 /* Resources */ = {
			isa = PBXResourcesBuildPhase;
			buildActionMask = 2147483647;
			files = (
				117AD57E28BFDB9B00F04CC8 /* Preview Assets.xcassets in Resources */,
				11645BF628EC85D50058810A /* factoryScales.json in Resources */,
				1124DF9928E93AD00030CF9F /* BravuraText.otf in Resources */,
				117AD57B28BFDB9B00F04CC8 /* Assets.xcassets in Resources */,
			);
			runOnlyForDeploymentPostprocessing = 0;
		};
/* End PBXResourcesBuildPhase section */

/* Begin PBXSourcesBuildPhase section */
		117AD56F28BFDB9A00F04CC8 /* Sources */ = {
			isa = PBXSourcesBuildPhase;
			buildActionMask = 2147483647;
			files = (
				11C6638D28EAA1A20081BA64 /* TunerData.swift in Sources */,
				117AD57928BFDB9A00F04CC8 /* ScaleEditor.swift in Sources */,
				1107558C28CE305C00842049 /* TunerConductor.swift in Sources */,
				1122966628C2B8A700BD48CC /* ScalesView.swift in Sources */,
				11C6638F28EAA1CA0081BA64 /* TunerView.swift in Sources */,
				117AD57728BFDB9A00F04CC8 /* VariTunerApp.swift in Sources */,
				111A2E5428BFF86C00E04DC1 /* UtilityExtensions.swift in Sources */,
				117AD58528BFDC0900F04CC8 /* ScaleStore.swift in Sources */,
				115AC17528C4078800D8224F /* Scale.swift in Sources */,
				115AC17128C4012300D8224F /* UtilityViews.swift in Sources */,
			);
			runOnlyForDeploymentPostprocessing = 0;
		};
/* End PBXSourcesBuildPhase section */

/* Begin XCBuildConfiguration section */
		117AD57F28BFDB9B00F04CC8 /* Debug */ = {
			isa = XCBuildConfiguration;
			buildSettings = {
				ALWAYS_SEARCH_USER_PATHS = NO;
				CLANG_ANALYZER_NONNULL = YES;
				CLANG_ANALYZER_NUMBER_OBJECT_CONVERSION = YES_AGGRESSIVE;
				CLANG_CXX_LANGUAGE_STANDARD = "gnu++17";
				CLANG_ENABLE_MODULES = YES;
				CLANG_ENABLE_OBJC_ARC = YES;
				CLANG_ENABLE_OBJC_WEAK = YES;
				CLANG_WARN_BLOCK_CAPTURE_AUTORELEASING = YES;
				CLANG_WARN_BOOL_CONVERSION = YES;
				CLANG_WARN_COMMA = YES;
				CLANG_WARN_CONSTANT_CONVERSION = YES;
				CLANG_WARN_DEPRECATED_OBJC_IMPLEMENTATIONS = YES;
				CLANG_WARN_DIRECT_OBJC_ISA_USAGE = YES_ERROR;
				CLANG_WARN_DOCUMENTATION_COMMENTS = YES;
				CLANG_WARN_EMPTY_BODY = YES;
				CLANG_WARN_ENUM_CONVERSION = YES;
				CLANG_WARN_INFINITE_RECURSION = YES;
				CLANG_WARN_INT_CONVERSION = YES;
				CLANG_WARN_NON_LITERAL_NULL_CONVERSION = YES;
				CLANG_WARN_OBJC_IMPLICIT_RETAIN_SELF = YES;
				CLANG_WARN_OBJC_LITERAL_CONVERSION = YES;
				CLANG_WARN_OBJC_ROOT_CLASS = YES_ERROR;
				CLANG_WARN_QUOTED_INCLUDE_IN_FRAMEWORK_HEADER = YES;
				CLANG_WARN_RANGE_LOOP_ANALYSIS = YES;
				CLANG_WARN_STRICT_PROTOTYPES = YES;
				CLANG_WARN_SUSPICIOUS_MOVE = YES;
				CLANG_WARN_UNGUARDED_AVAILABILITY = YES_AGGRESSIVE;
				CLANG_WARN_UNREACHABLE_CODE = YES;
				CLANG_WARN__DUPLICATE_METHOD_MATCH = YES;
				COPY_PHASE_STRIP = NO;
				DEBUG_INFORMATION_FORMAT = dwarf;
				ENABLE_STRICT_OBJC_MSGSEND = YES;
				ENABLE_TESTABILITY = YES;
				GCC_C_LANGUAGE_STANDARD = gnu11;
				GCC_DYNAMIC_NO_PIC = NO;
				GCC_NO_COMMON_BLOCKS = YES;
				GCC_OPTIMIZATION_LEVEL = 0;
				GCC_PREPROCESSOR_DEFINITIONS = (
					"DEBUG=1",
					"$(inherited)",
				);
				GCC_WARN_64_TO_32_BIT_CONVERSION = YES;
				GCC_WARN_ABOUT_RETURN_TYPE = YES_ERROR;
				GCC_WARN_UNDECLARED_SELECTOR = YES;
				GCC_WARN_UNINITIALIZED_AUTOS = YES_AGGRESSIVE;
				GCC_WARN_UNUSED_FUNCTION = YES;
				GCC_WARN_UNUSED_VARIABLE = YES;
				IPHONEOS_DEPLOYMENT_TARGET = 15.4;
				MTL_ENABLE_DEBUG_INFO = INCLUDE_SOURCE;
				MTL_FAST_MATH = YES;
				ONLY_ACTIVE_ARCH = YES;
				SDKROOT = iphoneos;
				SWIFT_ACTIVE_COMPILATION_CONDITIONS = DEBUG;
				SWIFT_OPTIMIZATION_LEVEL = "-Onone";
			};
			name = Debug;
		};
		117AD58028BFDB9B00F04CC8 /* Release */ = {
			isa = XCBuildConfiguration;
			buildSettings = {
				ALWAYS_SEARCH_USER_PATHS = NO;
				CLANG_ANALYZER_NONNULL = YES;
				CLANG_ANALYZER_NUMBER_OBJECT_CONVERSION = YES_AGGRESSIVE;
				CLANG_CXX_LANGUAGE_STANDARD = "gnu++17";
				CLANG_ENABLE_MODULES = YES;
				CLANG_ENABLE_OBJC_ARC = YES;
				CLANG_ENABLE_OBJC_WEAK = YES;
				CLANG_WARN_BLOCK_CAPTURE_AUTORELEASING = YES;
				CLANG_WARN_BOOL_CONVERSION = YES;
				CLANG_WARN_COMMA = YES;
				CLANG_WARN_CONSTANT_CONVERSION = YES;
				CLANG_WARN_DEPRECATED_OBJC_IMPLEMENTATIONS = YES;
				CLANG_WARN_DIRECT_OBJC_ISA_USAGE = YES_ERROR;
				CLANG_WARN_DOCUMENTATION_COMMENTS = YES;
				CLANG_WARN_EMPTY_BODY = YES;
				CLANG_WARN_ENUM_CONVERSION = YES;
				CLANG_WARN_INFINITE_RECURSION = YES;
				CLANG_WARN_INT_CONVERSION = YES;
				CLANG_WARN_NON_LITERAL_NULL_CONVERSION = YES;
				CLANG_WARN_OBJC_IMPLICIT_RETAIN_SELF = YES;
				CLANG_WARN_OBJC_LITERAL_CONVERSION = YES;
				CLANG_WARN_OBJC_ROOT_CLASS = YES_ERROR;
				CLANG_WARN_QUOTED_INCLUDE_IN_FRAMEWORK_HEADER = YES;
				CLANG_WARN_RANGE_LOOP_ANALYSIS = YES;
				CLANG_WARN_STRICT_PROTOTYPES = YES;
				CLANG_WARN_SUSPICIOUS_MOVE = YES;
				CLANG_WARN_UNGUARDED_AVAILABILITY = YES_AGGRESSIVE;
				CLANG_WARN_UNREACHABLE_CODE = YES;
				CLANG_WARN__DUPLICATE_METHOD_MATCH = YES;
				COPY_PHASE_STRIP = NO;
				DEBUG_INFORMATION_FORMAT = "dwarf-with-dsym";
				ENABLE_NS_ASSERTIONS = NO;
				ENABLE_STRICT_OBJC_MSGSEND = YES;
				GCC_C_LANGUAGE_STANDARD = gnu11;
				GCC_NO_COMMON_BLOCKS = YES;
				GCC_WARN_64_TO_32_BIT_CONVERSION = YES;
				GCC_WARN_ABOUT_RETURN_TYPE = YES_ERROR;
				GCC_WARN_UNDECLARED_SELECTOR = YES;
				GCC_WARN_UNINITIALIZED_AUTOS = YES_AGGRESSIVE;
				GCC_WARN_UNUSED_FUNCTION = YES;
				GCC_WARN_UNUSED_VARIABLE = YES;
				IPHONEOS_DEPLOYMENT_TARGET = 15.4;
				MTL_ENABLE_DEBUG_INFO = NO;
				MTL_FAST_MATH = YES;
				SDKROOT = iphoneos;
				SWIFT_COMPILATION_MODE = wholemodule;
				SWIFT_OPTIMIZATION_LEVEL = "-O";
				VALIDATE_PRODUCT = YES;
			};
			name = Release;
		};
		117AD58228BFDB9B00F04CC8 /* Debug */ = {
			isa = XCBuildConfiguration;
			buildSettings = {
				ASSETCATALOG_COMPILER_APPICON_NAME = AppIcon;
				ASSETCATALOG_COMPILER_GLOBAL_ACCENT_COLOR_NAME = AccentColor;
				CODE_SIGN_STYLE = Automatic;
				CURRENT_PROJECT_VERSION = 1;
				DEVELOPMENT_ASSET_PATHS = "\"VariTuner/Preview Content\"";
				DEVELOPMENT_TEAM = 6UNM6WLCBV;
				ENABLE_PREVIEWS = YES;
				GENERATE_INFOPLIST_FILE = YES;
				INFOPLIST_FILE = VariTuner/Info.plist;
				INFOPLIST_KEY_NSMicrophoneUsageDescription = "We use the microphone as an input device to the tuner.";
				INFOPLIST_KEY_UIApplicationSceneManifest_Generation = YES;
				INFOPLIST_KEY_UIApplicationSupportsIndirectInputEvents = YES;
				INFOPLIST_KEY_UILaunchScreen_Generation = YES;
				INFOPLIST_KEY_UISupportedInterfaceOrientations = UIInterfaceOrientationPortrait;
				INFOPLIST_KEY_UISupportedInterfaceOrientations_iPad = "UIInterfaceOrientationLandscapeLeft UIInterfaceOrientationLandscapeRight UIInterfaceOrientationPortrait UIInterfaceOrientationPortraitUpsideDown";
				LD_RUNPATH_SEARCH_PATHS = (
					"$(inherited)",
					"@executable_path/Frameworks",
				);
				MARKETING_VERSION = 1.0;
				PRODUCT_BUNDLE_IDENTIFIER = com.alexanderwuque.VariTuner;
				PRODUCT_NAME = "$(TARGET_NAME)";
				SWIFT_EMIT_LOC_STRINGS = YES;
				SWIFT_VERSION = 5.0;
				TARGETED_DEVICE_FAMILY = "1,2";
			};
			name = Debug;
		};
		117AD58328BFDB9B00F04CC8 /* Release */ = {
			isa = XCBuildConfiguration;
			buildSettings = {
				ASSETCATALOG_COMPILER_APPICON_NAME = AppIcon;
				ASSETCATALOG_COMPILER_GLOBAL_ACCENT_COLOR_NAME = AccentColor;
				CODE_SIGN_STYLE = Automatic;
				CURRENT_PROJECT_VERSION = 1;
				DEVELOPMENT_ASSET_PATHS = "\"VariTuner/Preview Content\"";
				DEVELOPMENT_TEAM = 6UNM6WLCBV;
				ENABLE_PREVIEWS = YES;
				GENERATE_INFOPLIST_FILE = YES;
				INFOPLIST_FILE = VariTuner/Info.plist;
				INFOPLIST_KEY_NSMicrophoneUsageDescription = "We use the microphone as an input device to the tuner.";
				INFOPLIST_KEY_UIApplicationSceneManifest_Generation = YES;
				INFOPLIST_KEY_UIApplicationSupportsIndirectInputEvents = YES;
				INFOPLIST_KEY_UILaunchScreen_Generation = YES;
				INFOPLIST_KEY_UISupportedInterfaceOrientations = UIInterfaceOrientationPortrait;
				INFOPLIST_KEY_UISupportedInterfaceOrientations_iPad = "UIInterfaceOrientationLandscapeLeft UIInterfaceOrientationLandscapeRight UIInterfaceOrientationPortrait UIInterfaceOrientationPortraitUpsideDown";
				LD_RUNPATH_SEARCH_PATHS = (
					"$(inherited)",
					"@executable_path/Frameworks",
				);
				MARKETING_VERSION = 1.0;
				PRODUCT_BUNDLE_IDENTIFIER = com.alexanderwuque.VariTuner;
				PRODUCT_NAME = "$(TARGET_NAME)";
				SWIFT_EMIT_LOC_STRINGS = YES;
				SWIFT_VERSION = 5.0;
				TARGETED_DEVICE_FAMILY = "1,2";
			};
			name = Release;
		};
/* End XCBuildConfiguration section */

/* Begin XCConfigurationList section */
		117AD56E28BFDB9A00F04CC8 /* Build configuration list for PBXProject "VariTuner" */ = {
			isa = XCConfigurationList;
			buildConfigurations = (
				117AD57F28BFDB9B00F04CC8 /* Debug */,
				117AD58028BFDB9B00F04CC8 /* Release */,
			);
			defaultConfigurationIsVisible = 0;
			defaultConfigurationName = Release;
		};
		117AD58128BFDB9B00F04CC8 /* Build configuration list for PBXNativeTarget "VariTuner" */ = {
			isa = XCConfigurationList;
			buildConfigurations = (
				117AD58228BFDB9B00F04CC8 /* Debug */,
				117AD58328BFDB9B00F04CC8 /* Release */,
			);
			defaultConfigurationIsVisible = 0;
			defaultConfigurationName = Release;
		};
/* End XCConfigurationList section */

/* Begin XCRemoteSwiftPackageReference section */
		1107558D28CE30FD00842049 /* XCRemoteSwiftPackageReference "AudioKitEX" */ = {
			isa = XCRemoteSwiftPackageReference;
			repositoryURL = "https://github.com/AudioKit/AudioKitEX.git";
			requirement = {
				kind = upToNextMajorVersion;
				minimumVersion = 5.0.0;
			};
		};
		1107559028CE310A00842049 /* XCRemoteSwiftPackageReference "AudioKitUI" */ = {
			isa = XCRemoteSwiftPackageReference;
			repositoryURL = "https://github.com/AudioKit/AudioKitUI.git";
			requirement = {
				kind = upToNextMajorVersion;
				minimumVersion = 0.2.0;
			};
		};
		1107559328CE316400842049 /* XCRemoteSwiftPackageReference "SoundpipeAudioKit" */ = {
			isa = XCRemoteSwiftPackageReference;
			repositoryURL = "https://github.com/AudioKit/SoundpipeAudioKit.git";
			requirement = {
				kind = upToNextMajorVersion;
				minimumVersion = 5.0.0;
			};
		};
		11A252F328CD255900E8B66B /* XCRemoteSwiftPackageReference "AudioKit" */ = {
			isa = XCRemoteSwiftPackageReference;
			repositoryURL = "https://github.com/AudioKit/AudioKit.git";
			requirement = {
				kind = upToNextMajorVersion;
				minimumVersion = 5.0.0;
			};
		};
/* End XCRemoteSwiftPackageReference section */

/* Begin XCSwiftPackageProductDependency section */
		1107558E28CE30FD00842049 /* AudioKitEX */ = {
			isa = XCSwiftPackageProductDependency;
			package = 1107558D28CE30FD00842049 /* XCRemoteSwiftPackageReference "AudioKitEX" */;
			productName = AudioKitEX;
		};
		1107559128CE310A00842049 /* AudioKitUI */ = {
			isa = XCSwiftPackageProductDependency;
			package = 1107559028CE310A00842049 /* XCRemoteSwiftPackageReference "AudioKitUI" */;
			productName = AudioKitUI;
		};
		1107559428CE316400842049 /* SoundpipeAudioKit */ = {
			isa = XCSwiftPackageProductDependency;
			package = 1107559328CE316400842049 /* XCRemoteSwiftPackageReference "SoundpipeAudioKit" */;
			productName = SoundpipeAudioKit;
		};
		11A252F428CD255900E8B66B /* AudioKit */ = {
			isa = XCSwiftPackageProductDependency;
			package = 11A252F328CD255900E8B66B /* XCRemoteSwiftPackageReference "AudioKit" */;
			productName = AudioKit;
		};
/* End XCSwiftPackageProductDependency section */
	};
	rootObject = 117AD56B28BFDB9A00F04CC8 /* Project object */;
}
